
Microsoft Visual Studio Solution File, Format Version 12.00
# Visual Studio Version 16
VisualStudioVersion = 16.0.31105.61
MinimumVisualStudioVersion = 10.0.40219.1
Project("{FAE04EC0-301F-11D3-BF4B-00C04F79EFBC}") = "FitnessCenterLab", "FitnessCenterLab.csproj", "{0DD93D7C-EC42-41B2-A769-C87BCF862864}"
EndProject
Global
	GlobalSection(SolutionConfigurationPlatforms) = preSolution
		Debug|Any CPU = Debug|Any CPU
		Release|Any CPU = Release|Any CPU
	EndGlobalSection
	GlobalSection(ProjectConfigurationPlatforms) = postSolution
		{0DD93D7C-EC42-41B2-A769-C87BCF862864}.Debug|Any CPU.ActiveCfg = Debug|Any CPU
		{0DD93D7C-EC42-41B2-A769-C87BCF862864}.Debug|Any CPU.Build.0 = Debug|Any CPU
		{0DD93D7C-EC42-41B2-A769-C87BCF862864}.Release|Any CPU.ActiveCfg = Release|Any CPU
		{0DD93D7C-EC42-41B2-A769-C87BCF862864}.Release|Any CPU.Build.0 = Release|Any CPU
	EndGlobalSection
	GlobalSection(SolutionProperties) = preSolution
		HideSolutionNode = FALSE
	EndGlobalSection
	GlobalSection(ExtensibilityGlobals) = postSolution
		SolutionGuid = {1FA9EA1A-F84F-4E27-9F0A-238926361464}
	EndGlobalSection
EndGlobal
